
Microsoft Visual Studio Solution File, Format Version 12.00
# Visual Studio Version 17
VisualStudioVersion = 17.6.33829.357
MinimumVisualStudioVersion = 10.0.40219.1
Project("{8BC9CEB8-8B4A-11D0-8D11-00A0C91BC942}") = "demo_17", "demo_17.vcxproj", "{6DF80F51-EE35-46A6-9631-223EAB44A8B2}"
EndProject
Global
	GlobalSection(SolutionConfigurationPlatforms) = preSolution
		Debug|x64 = Debug|x64
		Debug|x86 = Debug|x86
		Release|x64 = Release|x64
		Release|x86 = Release|x86
	EndGlobalSection
	GlobalSection(ProjectConfigurationPlatforms) = postSolution
		{6DF80F51-EE35-46A6-9631-223EAB44A8B2}.Debug|x64.ActiveCfg = Debug|x64
		{6DF80F51-EE35-46A6-9631-223EAB44A8B2}.Debug|x64.Build.0 = Debug|x64
		{6DF80F51-EE35-46A6-9631-223EAB44A8B2}.Debug|x86.ActiveCfg = Debug|Win32
		{6DF80F51-EE35-46A6-9631-223EAB44A8B2}.Debug|x86.Build.0 = Debug|Win32
		{6DF80F51-EE35-46A6-9631-223EAB44A8B2}.Release|x64.ActiveCfg = Release|x64
		{6DF80F51-EE35-46A6-9631-223EAB44A8B2}.Release|x64.Build.0 = Release|x64
		{6DF80F51-EE35-46A6-9631-223EAB44A8B2}.Release|x86.ActiveCfg = Release|Win32
		{6DF80F51-EE35-46A6-9631-223EAB44A8B2}.Release|x86.Build.0 = Release|Win32
	EndGlobalSection
	GlobalSection(SolutionProperties) = preSolution
		HideSolutionNode = FALSE
	EndGlobalSection
	GlobalSection(ExtensibilityGlobals) = postSolution
		SolutionGuid = {02420BD4-458C-4571-99B6-7B5F5321F9FD}
	EndGlobalSection
EndGlobal
