
Microsoft Visual Studio Solution File, Format Version 12.00
# Visual Studio Version 17
VisualStudioVersion = 17.6.33829.357
MinimumVisualStudioVersion = 10.0.40219.1
Project("{8BC9CEB8-8B4A-11D0-8D11-00A0C91BC942}") = "demo_19", "demo_19.vcxproj", "{D2E951F7-0F04-4F1D-95C3-AFDD62B5AF6B}"
EndProject
Global
	GlobalSection(SolutionConfigurationPlatforms) = preSolution
		Debug|x64 = Debug|x64
		Debug|x86 = Debug|x86
		Release|x64 = Release|x64
		Release|x86 = Release|x86
	EndGlobalSection
	GlobalSection(ProjectConfigurationPlatforms) = postSolution
		{D2E951F7-0F04-4F1D-95C3-AFDD62B5AF6B}.Debug|x64.ActiveCfg = Debug|x64
		{D2E951F7-0F04-4F1D-95C3-AFDD62B5AF6B}.Debug|x64.Build.0 = Debug|x64
		{D2E951F7-0F04-4F1D-95C3-AFDD62B5AF6B}.Debug|x86.ActiveCfg = Debug|Win32
		{D2E951F7-0F04-4F1D-95C3-AFDD62B5AF6B}.Debug|x86.Build.0 = Debug|Win32
		{D2E951F7-0F04-4F1D-95C3-AFDD62B5AF6B}.Release|x64.ActiveCfg = Release|x64
		{D2E951F7-0F04-4F1D-95C3-AFDD62B5AF6B}.Release|x64.Build.0 = Release|x64
		{D2E951F7-0F04-4F1D-95C3-AFDD62B5AF6B}.Release|x86.ActiveCfg = Release|Win32
		{D2E951F7-0F04-4F1D-95C3-AFDD62B5AF6B}.Release|x86.Build.0 = Release|Win32
	EndGlobalSection
	GlobalSection(SolutionProperties) = preSolution
		HideSolutionNode = FALSE
	EndGlobalSection
	GlobalSection(ExtensibilityGlobals) = postSolution
		SolutionGuid = {70D3EB08-6AFE-41C2-962B-B45464DA4D53}
	EndGlobalSection
EndGlobal
